{
    "version": 3,
    "terraform_version": "0.11.14",
    "serial": 4,
    "lineage": "a2f4e0cf-2f7e-e00e-1c53-1d66c9cced6e",
    "modules": [
        {
            "path": [
                "root"
            ],
            "outputs": {},
            "resources": {
                "azurerm_resource_group.rg": {
                    "type": "azurerm_resource_group",
                    "depends_on": [],
                    "primary": {
                        "id": "/subscriptions/ab3bea5a-4a27-4cea-bd9b-8f9b4eec152a/resourceGroups/PayGo-Palo-Test-transit-rg",
                        "attributes": {
                            "id": "/subscriptions/ab3bea5a-4a27-4cea-bd9b-8f9b4eec152a/resourceGroups/PayGo-Palo-Test-transit-rg",
                            "location": "eastus",
                            "name": "PayGo-Palo-Test-transit-rg",
                            "tags.%": "4",
                            "tags.BillingId": "DE00011656",
                            "tags.EnvType": "Dev",
                            "tags.OrgUnit": "OIT",
                            "tags.Owner": "OIT-Platform+Infra"
                        },
                        "meta": {},
                        "tainted": false
                    },
                    "deposed": [],
                    "provider": "provider.azurerm"
                }
            },
            "depends_on": []
        },
        {
            "path": [
                "root",
                "internal_lb"
            ],
            "outputs": {},
            "resources": {},
            "depends_on": []
        },
        {
            "path": [
                "root",
                "public_lb"
            ],
            "outputs": {},
            "resources": {},
            "depends_on": []
        },
        {
            "path": [
                "root",
                "spoke1"
            ],
            "outputs": {},
            "resources": {},
            "depends_on": []
        },
        {
            "path": [
                "root",
                "spoke2"
            ],
            "outputs": {},
            "resources": {},
            "depends_on": []
        },
        {
            "path": [
                "root",
                "vmseries"
            ],
            "outputs": {
                "nic0_id": {
                    "sensitive": false,
                    "type": "list",
                    "value": [
                        "/subscriptions/ab3bea5a-4a27-4cea-bd9b-8f9b4eec152a/resourceGroups/PayGo-Palo-Test-transit-rg/providers/Microsoft.Network/networkInterfaces/PayGo-Palo-test-vmseries-fw1-nic0",
                        "/subscriptions/ab3bea5a-4a27-4cea-bd9b-8f9b4eec152a/resourceGroups/PayGo-Palo-Test-transit-rg/providers/Microsoft.Network/networkInterfaces/PayGo-Palo-test-vmseries-fw2-nic0"
                    ]
                },
                "nic1_id": {
                    "sensitive": false,
                    "type": "list",
                    "value": [
                        "/subscriptions/ab3bea5a-4a27-4cea-bd9b-8f9b4eec152a/resourceGroups/PayGo-Palo-Test-transit-rg/providers/Microsoft.Network/networkInterfaces/PayGo-Palo-test-vmseries-fw1-nic1",
                        "/subscriptions/ab3bea5a-4a27-4cea-bd9b-8f9b4eec152a/resourceGroups/PayGo-Palo-Test-transit-rg/providers/Microsoft.Network/networkInterfaces/PayGo-Palo-test-vmseries-fw2-nic1"
                    ]
                },
                "nic2_id": {
                    "sensitive": false,
                    "type": "list",
                    "value": [
                        "/subscriptions/ab3bea5a-4a27-4cea-bd9b-8f9b4eec152a/resourceGroups/PayGo-Palo-Test-transit-rg/providers/Microsoft.Network/networkInterfaces/PayGo-Palo-test-vmseries-fw1-nic2",
                        "/subscriptions/ab3bea5a-4a27-4cea-bd9b-8f9b4eec152a/resourceGroups/PayGo-Palo-Test-transit-rg/providers/Microsoft.Network/networkInterfaces/PayGo-Palo-test-vmseries-fw2-nic2"
                    ]
                }
            },
            "resources": {
                "azurerm_public_ip.nic0.0": {
                    "type": "azurerm_public_ip",
                    "depends_on": [],
                    "primary": {
                        "id": "/subscriptions/ab3bea5a-4a27-4cea-bd9b-8f9b4eec152a/resourceGroups/PayGo-Palo-Test-transit-rg/providers/Microsoft.Network/publicIPAddresses/PayGo-Palo-test-vmseries-fw1-nic0-pip",
                        "attributes": {
                            "allocation_method": "Static",
                            "id": "/subscriptions/ab3bea5a-4a27-4cea-bd9b-8f9b4eec152a/resourceGroups/PayGo-Palo-Test-transit-rg/providers/Microsoft.Network/publicIPAddresses/PayGo-Palo-test-vmseries-fw1-nic0-pip",
                            "idle_timeout_in_minutes": "4",
                            "ip_address": "52.146.61.120",
                            "ip_version": "IPv4",
                            "location": "eastus",
                            "name": "PayGo-Palo-test-vmseries-fw1-nic0-pip",
                            "public_ip_address_allocation": "Static",
                            "resource_group_name": "PayGo-Palo-Test-transit-rg",
                            "sku": "Standard",
                            "tags.%": "4",
                            "tags.BillingId": "DE0002583",
                            "tags.EnvType": "Dev",
                            "tags.OrgUnit": "OIT",
                            "tags.Owner": "OIT-Platform+Infra",
                            "zones.#": "0"
                        },
                        "meta": {},
                        "tainted": false
                    },
                    "deposed": [],
                    "provider": "provider.azurerm"
                },
                "azurerm_public_ip.nic0.1": {
                    "type": "azurerm_public_ip",
                    "depends_on": [],
                    "primary": {
                        "id": "/subscriptions/ab3bea5a-4a27-4cea-bd9b-8f9b4eec152a/resourceGroups/PayGo-Palo-Test-transit-rg/providers/Microsoft.Network/publicIPAddresses/PayGo-Palo-test-vmseries-fw2-nic0-pip",
                        "attributes": {
                            "allocation_method": "Static",
                            "id": "/subscriptions/ab3bea5a-4a27-4cea-bd9b-8f9b4eec152a/resourceGroups/PayGo-Palo-Test-transit-rg/providers/Microsoft.Network/publicIPAddresses/PayGo-Palo-test-vmseries-fw2-nic0-pip",
                            "idle_timeout_in_minutes": "4",
                            "ip_address": "52.146.62.164",
                            "ip_version": "IPv4",
                            "location": "eastus",
                            "name": "PayGo-Palo-test-vmseries-fw2-nic0-pip",
                            "public_ip_address_allocation": "Static",
                            "resource_group_name": "PayGo-Palo-Test-transit-rg",
                            "sku": "Standard",
                            "tags.%": "4",
                            "tags.BillingId": "DE0002583",
                            "tags.EnvType": "Dev",
                            "tags.OrgUnit": "OIT",
                            "tags.Owner": "OIT-Platform+Infra",
                            "zones.#": "0"
                        },
                        "meta": {},
                        "tainted": false
                    },
                    "deposed": [],
                    "provider": "provider.azurerm"
                },
                "azurerm_public_ip.nic1.0": {
                    "type": "azurerm_public_ip",
                    "depends_on": [],
                    "primary": {
                        "id": "/subscriptions/ab3bea5a-4a27-4cea-bd9b-8f9b4eec152a/resourceGroups/PayGo-Palo-Test-transit-rg/providers/Microsoft.Network/publicIPAddresses/PayGo-Palo-test-vmseries-fw1-nic1-pip",
                        "attributes": {
                            "allocation_method": "Static",
                            "id": "/subscriptions/ab3bea5a-4a27-4cea-bd9b-8f9b4eec152a/resourceGroups/PayGo-Palo-Test-transit-rg/providers/Microsoft.Network/publicIPAddresses/PayGo-Palo-test-vmseries-fw1-nic1-pip",
                            "idle_timeout_in_minutes": "4",
                            "ip_address": "52.146.62.12",
                            "ip_version": "IPv4",
                            "location": "eastus",
                            "name": "PayGo-Palo-test-vmseries-fw1-nic1-pip",
                            "public_ip_address_allocation": "Static",
                            "resource_group_name": "PayGo-Palo-Test-transit-rg",
                            "sku": "Standard",
                            "tags.%": "4",
                            "tags.BillingId": "DE0002583",
                            "tags.EnvType": "Dev",
                            "tags.OrgUnit": "OIT",
                            "tags.Owner": "OIT-Platform+Infra",
                            "zones.#": "0"
                        },
                        "meta": {},
                        "tainted": false
                    },
                    "deposed": [],
                    "provider": "provider.azurerm"
                },
                "azurerm_public_ip.nic1.1": {
                    "type": "azurerm_public_ip",
                    "depends_on": [],
                    "primary": {
                        "id": "/subscriptions/ab3bea5a-4a27-4cea-bd9b-8f9b4eec152a/resourceGroups/PayGo-Palo-Test-transit-rg/providers/Microsoft.Network/publicIPAddresses/PayGo-Palo-test-vmseries-fw2-nic1-pip",
                        "attributes": {
                            "allocation_method": "Static",
                            "id": "/subscriptions/ab3bea5a-4a27-4cea-bd9b-8f9b4eec152a/resourceGroups/PayGo-Palo-Test-transit-rg/providers/Microsoft.Network/publicIPAddresses/PayGo-Palo-test-vmseries-fw2-nic1-pip",
                            "idle_timeout_in_minutes": "4",
                            "ip_address": "52.146.61.100",
                            "ip_version": "IPv4",
                            "location": "eastus",
                            "name": "PayGo-Palo-test-vmseries-fw2-nic1-pip",
                            "public_ip_address_allocation": "Static",
                            "resource_group_name": "PayGo-Palo-Test-transit-rg",
                            "sku": "Standard",
                            "tags.%": "4",
                            "tags.BillingId": "DE0002583",
                            "tags.EnvType": "Dev",
                            "tags.OrgUnit": "OIT",
                            "tags.Owner": "OIT-Platform+Infra",
                            "zones.#": "0"
                        },
                        "meta": {},
                        "tainted": false
                    },
                    "deposed": [],
                    "provider": "provider.azurerm"
                }
            },
            "depends_on": []
        },
        {
            "path": [
                "root",
                "vnet"
            ],
            "outputs": {
                "vnet_address_space": {
                    "sensitive": false,
                    "type": "list",
                    "value": [
                        "10.133.48.0/22"
                    ]
                },
                "vnet_id": {
                    "sensitive": false,
                    "type": "string",
                    "value": "/subscriptions/ab3bea5a-4a27-4cea-bd9b-8f9b4eec152a/resourceGroups/PayGo-Palo-Test-transit-rg/providers/Microsoft.Network/virtualNetworks/PayGo-Palo-Test-vmseries-vnet"
                },
                "vnet_location": {
                    "sensitive": false,
                    "type": "string",
                    "value": "eastus"
                },
                "vnet_name": {
                    "sensitive": false,
                    "type": "string",
                    "value": "PayGo-Palo-Test-vmseries-vnet"
                },
                "vnet_subnets": {
                    "sensitive": false,
                    "type": "list",
                    "value": [
                        "/subscriptions/ab3bea5a-4a27-4cea-bd9b-8f9b4eec152a/resourceGroups/PayGo-Palo-Test-transit-rg/providers/Microsoft.Network/virtualNetworks/PayGo-Palo-Test-vmseries-vnet/subnets/mgmt",
                        "/subscriptions/ab3bea5a-4a27-4cea-bd9b-8f9b4eec152a/resourceGroups/PayGo-Palo-Test-transit-rg/providers/Microsoft.Network/virtualNetworks/PayGo-Palo-Test-vmseries-vnet/subnets/untrust",
                        "/subscriptions/ab3bea5a-4a27-4cea-bd9b-8f9b4eec152a/resourceGroups/PayGo-Palo-Test-transit-rg/providers/Microsoft.Network/virtualNetworks/PayGo-Palo-Test-vmseries-vnet/subnets/trust"
                    ]
                }
            },
            "resources": {},
            "depends_on": []
        }
    ]
}
